
Microsoft Visual Studio Solution File, Format Version 12.00
# Visual Studio Version 17
VisualStudioVersion = 17.14.36429.23 d17.14
MinimumVisualStudioVersion = 10.0.40219.1
Project("{FAE04EC0-301F-11D3-BF4B-00C04F79EFBC}") = "PW5", "PW5.csproj", "{21242394-81F6-4389-85A0-DC74F8375897}"
EndProject
Global
	GlobalSection(SolutionConfigurationPlatforms) = preSolution
		Debug|Any CPU = Debug|Any CPU
		Release|Any CPU = Release|Any CPU
	EndGlobalSection
	GlobalSection(ProjectConfigurationPlatforms) = postSolution
		{21242394-81F6-4389-85A0-DC74F8375897}.Debug|Any CPU.ActiveCfg = Debug|Any CPU
		{21242394-81F6-4389-85A0-DC74F8375897}.Debug|Any CPU.Build.0 = Debug|Any CPU
		{21242394-81F6-4389-85A0-DC74F8375897}.Release|Any CPU.ActiveCfg = Release|Any CPU
		{21242394-81F6-4389-85A0-DC74F8375897}.Release|Any CPU.Build.0 = Release|Any CPU
	EndGlobalSection
	GlobalSection(SolutionProperties) = preSolution
		HideSolutionNode = FALSE
	EndGlobalSection
	GlobalSection(ExtensibilityGlobals) = postSolution
		SolutionGuid = {4CD8D501-57F5-4DC8-8CA5-C2C41BC85327}
	EndGlobalSection
EndGlobal
