
Microsoft Visual Studio Solution File, Format Version 12.00
# Visual Studio Version 17
VisualStudioVersion = 17.14.37027.9 d17.14
MinimumVisualStudioVersion = 10.0.40219.1
Project("{FAE04EC0-301F-11D3-BF4B-00C04F79EFBC}") = "fffff", "fffff\fffff.csproj", "{CCDD3285-C921-487E-8A8D-3121BECDCB00}"
EndProject
Global
	GlobalSection(SolutionConfigurationPlatforms) = preSolution
		Debug|Any CPU = Debug|Any CPU
		Release|Any CPU = Release|Any CPU
	EndGlobalSection
	GlobalSection(ProjectConfigurationPlatforms) = postSolution
		{CCDD3285-C921-487E-8A8D-3121BECDCB00}.Debug|Any CPU.ActiveCfg = Debug|Any CPU
		{CCDD3285-C921-487E-8A8D-3121BECDCB00}.Debug|Any CPU.Build.0 = Debug|Any CPU
		{CCDD3285-C921-487E-8A8D-3121BECDCB00}.Release|Any CPU.ActiveCfg = Release|Any CPU
		{CCDD3285-C921-487E-8A8D-3121BECDCB00}.Release|Any CPU.Build.0 = Release|Any CPU
	EndGlobalSection
	GlobalSection(SolutionProperties) = preSolution
		HideSolutionNode = FALSE
	EndGlobalSection
	GlobalSection(ExtensibilityGlobals) = postSolution
		SolutionGuid = {DAC13BE4-D86F-4FFA-937D-98D191365B01}
	EndGlobalSection
EndGlobal
