
Microsoft Visual Studio Solution File, Format Version 12.00
# Visual Studio Version 17
VisualStudioVersion = 17.14.36429.23 d17.14
MinimumVisualStudioVersion = 10.0.40219.1
Project("{FAE04EC0-301F-11D3-BF4B-00C04F79EFBC}") = "Colkulator ema e", "Colkulator ema e\Colkulator ema e.csproj", "{053BA74A-23DF-4F6D-A27B-77832C7CE524}"
EndProject
Global
	GlobalSection(SolutionConfigurationPlatforms) = preSolution
		Debug|Any CPU = Debug|Any CPU
		Release|Any CPU = Release|Any CPU
	EndGlobalSection
	GlobalSection(ProjectConfigurationPlatforms) = postSolution
		{053BA74A-23DF-4F6D-A27B-77832C7CE524}.Debug|Any CPU.ActiveCfg = Debug|Any CPU
		{053BA74A-23DF-4F6D-A27B-77832C7CE524}.Debug|Any CPU.Build.0 = Debug|Any CPU
		{053BA74A-23DF-4F6D-A27B-77832C7CE524}.Release|Any CPU.ActiveCfg = Release|Any CPU
		{053BA74A-23DF-4F6D-A27B-77832C7CE524}.Release|Any CPU.Build.0 = Release|Any CPU
	EndGlobalSection
	GlobalSection(SolutionProperties) = preSolution
		HideSolutionNode = FALSE
	EndGlobalSection
	GlobalSection(ExtensibilityGlobals) = postSolution
		SolutionGuid = {5AA4367B-1F76-4054-9B8E-F17531EA2C82}
	EndGlobalSection
EndGlobal
