
Microsoft Visual Studio Solution File, Format Version 12.00
# Visual Studio Version 17
VisualStudioVersion = 17.14.36429.23 d17.14
MinimumVisualStudioVersion = 10.0.40219.1
Project("{FAE04EC0-301F-11D3-BF4B-00C04F79EFBC}") = "PW5num5all", "PW5num5all.csproj", "{692AB026-B34B-47B1-82FA-7CE65D6F119F}"
EndProject
Global
	GlobalSection(SolutionConfigurationPlatforms) = preSolution
		Debug|Any CPU = Debug|Any CPU
		Release|Any CPU = Release|Any CPU
	EndGlobalSection
	GlobalSection(ProjectConfigurationPlatforms) = postSolution
		{692AB026-B34B-47B1-82FA-7CE65D6F119F}.Debug|Any CPU.ActiveCfg = Debug|Any CPU
		{692AB026-B34B-47B1-82FA-7CE65D6F119F}.Debug|Any CPU.Build.0 = Debug|Any CPU
		{692AB026-B34B-47B1-82FA-7CE65D6F119F}.Release|Any CPU.ActiveCfg = Release|Any CPU
		{692AB026-B34B-47B1-82FA-7CE65D6F119F}.Release|Any CPU.Build.0 = Release|Any CPU
	EndGlobalSection
	GlobalSection(SolutionProperties) = preSolution
		HideSolutionNode = FALSE
	EndGlobalSection
	GlobalSection(ExtensibilityGlobals) = postSolution
		SolutionGuid = {86122B36-5C10-403C-AEC4-7A11A48B3BF1}
	EndGlobalSection
EndGlobal
