
Microsoft Visual Studio Solution File, Format Version 12.00
# Visual Studio Version 17
VisualStudioVersion = 17.14.36429.23 d17.14
MinimumVisualStudioVersion = 10.0.40219.1
Project("{FAE04EC0-301F-11D3-BF4B-00C04F79EFBC}") = "PW1", "PW1.csproj", "{ED856D1C-E06A-41F8-877F-7D7FEE458B4F}"
EndProject
Global
	GlobalSection(SolutionConfigurationPlatforms) = preSolution
		Debug|Any CPU = Debug|Any CPU
		Release|Any CPU = Release|Any CPU
	EndGlobalSection
	GlobalSection(ProjectConfigurationPlatforms) = postSolution
		{ED856D1C-E06A-41F8-877F-7D7FEE458B4F}.Debug|Any CPU.ActiveCfg = Debug|Any CPU
		{ED856D1C-E06A-41F8-877F-7D7FEE458B4F}.Debug|Any CPU.Build.0 = Debug|Any CPU
		{ED856D1C-E06A-41F8-877F-7D7FEE458B4F}.Release|Any CPU.ActiveCfg = Release|Any CPU
		{ED856D1C-E06A-41F8-877F-7D7FEE458B4F}.Release|Any CPU.Build.0 = Release|Any CPU
	EndGlobalSection
	GlobalSection(SolutionProperties) = preSolution
		HideSolutionNode = FALSE
	EndGlobalSection
	GlobalSection(ExtensibilityGlobals) = postSolution
		SolutionGuid = {7971AB08-5D80-4334-9C45-A0F15F74CFFA}
	EndGlobalSection
EndGlobal
