
Microsoft Visual Studio Solution File, Format Version 12.00
# Visual Studio Version 17
VisualStudioVersion = 17.14.37027.9 d17.14
MinimumVisualStudioVersion = 10.0.40219.1
Project("{FAE04EC0-301F-11D3-BF4B-00C04F79EFBC}") = "S2L5TOM2", "S2L5TOM2\S2L5TOM2.csproj", "{F65D477F-1E93-4302-94B2-7CB87586654E}"
EndProject
Global
	GlobalSection(SolutionConfigurationPlatforms) = preSolution
		Debug|Any CPU = Debug|Any CPU
		Release|Any CPU = Release|Any CPU
	EndGlobalSection
	GlobalSection(ProjectConfigurationPlatforms) = postSolution
		{F65D477F-1E93-4302-94B2-7CB87586654E}.Debug|Any CPU.ActiveCfg = Debug|Any CPU
		{F65D477F-1E93-4302-94B2-7CB87586654E}.Debug|Any CPU.Build.0 = Debug|Any CPU
		{F65D477F-1E93-4302-94B2-7CB87586654E}.Release|Any CPU.ActiveCfg = Release|Any CPU
		{F65D477F-1E93-4302-94B2-7CB87586654E}.Release|Any CPU.Build.0 = Release|Any CPU
	EndGlobalSection
	GlobalSection(SolutionProperties) = preSolution
		HideSolutionNode = FALSE
	EndGlobalSection
	GlobalSection(ExtensibilityGlobals) = postSolution
		SolutionGuid = {F2AB3366-F9EF-48E9-A646-EFBFEEAEFA95}
	EndGlobalSection
EndGlobal
