
Microsoft Visual Studio Solution File, Format Version 12.00
# Visual Studio Version 17
VisualStudioVersion = 17.14.36429.23 d17.14
MinimumVisualStudioVersion = 10.0.40219.1
Project("{FAE04EC0-301F-11D3-BF4B-00C04F79EFBC}") = "ПрактическаяРаботаWPF12", "ПрактическаяРаботаWPF12\ПрактическаяРаботаWPF12.csproj", "{4376E242-D8B2-42CE-B9C7-1F46BC01883E}"
EndProject
Global
	GlobalSection(SolutionConfigurationPlatforms) = preSolution
		Debug|Any CPU = Debug|Any CPU
		Release|Any CPU = Release|Any CPU
	EndGlobalSection
	GlobalSection(ProjectConfigurationPlatforms) = postSolution
		{4376E242-D8B2-42CE-B9C7-1F46BC01883E}.Debug|Any CPU.ActiveCfg = Debug|Any CPU
		{4376E242-D8B2-42CE-B9C7-1F46BC01883E}.Debug|Any CPU.Build.0 = Debug|Any CPU
		{4376E242-D8B2-42CE-B9C7-1F46BC01883E}.Release|Any CPU.ActiveCfg = Release|Any CPU
		{4376E242-D8B2-42CE-B9C7-1F46BC01883E}.Release|Any CPU.Build.0 = Release|Any CPU
	EndGlobalSection
	GlobalSection(SolutionProperties) = preSolution
		HideSolutionNode = FALSE
	EndGlobalSection
	GlobalSection(ExtensibilityGlobals) = postSolution
		SolutionGuid = {3D4FE35A-39DC-4837-8D59-4D5F41730134}
	EndGlobalSection
EndGlobal
